// !$*UTF8*$!
{
	archiveVersion = 1;
	classes = {
	};
	objectVersion = 55;
	objects = {

/* Begin PBXBuildFile section */
		42064F3F28118AF500E18819 /* Assets.xcassets in Resources */ = {isa = PBXBuildFile; fileRef = 42064F3E28118AF500E18819 /* Assets.xcassets */; };
		42064F4328118E7100E18819 /* TutorialResponse.swift in Sources */ = {isa = PBXBuildFile; fileRef = 42064F4228118E7100E18819 /* TutorialResponse.swift */; };
		42064F4528118F2B00E18819 /* TutorialView.swift in Sources */ = {isa = PBXBuildFile; fileRef = 42064F4428118F2A00E18819 /* TutorialView.swift */; };
		4208792F280EF9DF00940F3E /* Tutorial.framework in Frameworks */ = {isa = PBXBuildFile; fileRef = 42087924280EF9DF00940F3E /* Tutorial.framework */; };
		42087935280EF9DF00940F3E /* Tutorial.h in Headers */ = {isa = PBXBuildFile; fileRef = 42087927280EF9DF00940F3E /* Tutorial.h */; settings = {ATTRIBUTES = (Public, ); }; };
		4208799D280F13FE00940F3E /* AppDelegate.swift in Sources */ = {isa = PBXBuildFile; fileRef = 4208799C280F13FE00940F3E /* AppDelegate.swift */; };
		4208799F280F13FE00940F3E /* SceneDelegate.swift in Sources */ = {isa = PBXBuildFile; fileRef = 4208799E280F13FE00940F3E /* SceneDelegate.swift */; };
		420879A1280F13FE00940F3E /* ViewController.swift in Sources */ = {isa = PBXBuildFile; fileRef = 420879A0280F13FE00940F3E /* ViewController.swift */; };
		420879A4280F13FE00940F3E /* Main.storyboard in Resources */ = {isa = PBXBuildFile; fileRef = 420879A2280F13FE00940F3E /* Main.storyboard */; };
		420879A6280F13FF00940F3E /* Assets.xcassets in Resources */ = {isa = PBXBuildFile; fileRef = 420879A5280F13FF00940F3E /* Assets.xcassets */; };
		420879A9280F13FF00940F3E /* LaunchScreen.storyboard in Resources */ = {isa = PBXBuildFile; fileRef = 420879A7280F13FF00940F3E /* LaunchScreen.storyboard */; };
		4238B6A7281199DB000CE01D /* TutorialPageView.swift in Sources */ = {isa = PBXBuildFile; fileRef = 4238B6A6281199DB000CE01D /* TutorialPageView.swift */; };
		4238B6A8281199E9000CE01D /* TutorialPageView.swift in Sources */ = {isa = PBXBuildFile; fileRef = 4238B6A6281199DB000CE01D /* TutorialPageView.swift */; };
		4238B6AD28119B80000CE01D /* GetTutorialUsecase.swift in Sources */ = {isa = PBXBuildFile; fileRef = 4238B6AC28119B80000CE01D /* GetTutorialUsecase.swift */; };
		4238B6AE28119EE8000CE01D /* TutorialView.swift in Sources */ = {isa = PBXBuildFile; fileRef = 42064F4428118F2A00E18819 /* TutorialView.swift */; };
		4238B6AF28119EEC000CE01D /* TutorialResponse.swift in Sources */ = {isa = PBXBuildFile; fileRef = 42064F4228118E7100E18819 /* TutorialResponse.swift */; };
		4238B6B02811A045000CE01D /* Assets.xcassets in Resources */ = {isa = PBXBuildFile; fileRef = 42064F3E28118AF500E18819 /* Assets.xcassets */; };
		4238B6B22811A1CA000CE01D /* TutorialPageViewModel.swift in Sources */ = {isa = PBXBuildFile; fileRef = 4238B6B12811A1CA000CE01D /* TutorialPageViewModel.swift */; };
		4238B6B32811A1CA000CE01D /* TutorialPageViewModel.swift in Sources */ = {isa = PBXBuildFile; fileRef = 4238B6B12811A1CA000CE01D /* TutorialPageViewModel.swift */; };
		4238B6B52811A6B5000CE01D /* GetTutorialUsecase.swift in Sources */ = {isa = PBXBuildFile; fileRef = 4238B6AC28119B80000CE01D /* GetTutorialUsecase.swift */; };
		4238B6B92811B27A000CE01D /* GetTutorialUsecaseTests.swift in Sources */ = {isa = PBXBuildFile; fileRef = 4238B6B82811B27A000CE01D /* GetTutorialUsecaseTests.swift */; };
		42CA3F32281D829F0006EF9C /* TutorialViewTests.swift in Sources */ = {isa = PBXBuildFile; fileRef = 42CA3F31281D829F0006EF9C /* TutorialViewTests.swift */; };
		42CA3F42281E820D0006EF9C /* ImageAsset.swift in Sources */ = {isa = PBXBuildFile; fileRef = 42CA3F41281E820D0006EF9C /* ImageAsset.swift */; };
		42CA3F43281E832A0006EF9C /* ImageAsset.swift in Sources */ = {isa = PBXBuildFile; fileRef = 42CA3F41281E820D0006EF9C /* ImageAsset.swift */; };
		42CA3F49281EBF0B0006EF9C /* ImageAssetTests.swift in Sources */ = {isa = PBXBuildFile; fileRef = 42CA3F48281EBF0B0006EF9C /* ImageAssetTests.swift */; };
		42CD9B6128E3640F00F46CAB /* Core.framework in Frameworks */ = {isa = PBXBuildFile; fileRef = 42ED338A281533B9003BA251 /* Core.framework */; };
		42CD9B6228E3640F00F46CAB /* Core.framework in Embed Frameworks */ = {isa = PBXBuildFile; fileRef = 42ED338A281533B9003BA251 /* Core.framework */; settings = {ATTRIBUTES = (CodeSignOnCopy, RemoveHeadersOnCopy, ); }; };
		42CD9B6428E3641100F46CAB /* Data.framework in Frameworks */ = {isa = PBXBuildFile; fileRef = 42F685D5283012CC004F8342 /* Data.framework */; };
		42CD9B6528E3641100F46CAB /* Data.framework in Embed Frameworks */ = {isa = PBXBuildFile; fileRef = 42F685D5283012CC004F8342 /* Data.framework */; settings = {ATTRIBUTES = (CodeSignOnCopy, RemoveHeadersOnCopy, ); }; };
		42ED337C28151622003BA251 /* GetTutorialRepository.swift in Sources */ = {isa = PBXBuildFile; fileRef = 42ED337B28151622003BA251 /* GetTutorialRepository.swift */; };
		42ED337D28151622003BA251 /* GetTutorialRepository.swift in Sources */ = {isa = PBXBuildFile; fileRef = 42ED337B28151622003BA251 /* GetTutorialRepository.swift */; };
		42ED338728152892003BA251 /* Core.framework in Frameworks */ = {isa = PBXBuildFile; fileRef = 42ED338628152892003BA251 /* Core.framework */; };
		42ED33B32816E301003BA251 /* GetTutorialRepositorySpy.swift in Sources */ = {isa = PBXBuildFile; fileRef = 42ED33B22816E301003BA251 /* GetTutorialRepositorySpy.swift */; };
		42ED33B72816E919003BA251 /* GetTutorialRepositoryTests.swift in Sources */ = {isa = PBXBuildFile; fileRef = 42ED33B62816E919003BA251 /* GetTutorialRepositoryTests.swift */; };
		42ED33BB2816EC9A003BA251 /* TutorialResponseTests.swift in Sources */ = {isa = PBXBuildFile; fileRef = 42ED33BA2816EC9A003BA251 /* TutorialResponseTests.swift */; };
		42ED33BD2816ED3B003BA251 /* TutorialModelTests.swift in Sources */ = {isa = PBXBuildFile; fileRef = 42ED33BC2816ED3B003BA251 /* TutorialModelTests.swift */; };
		42ED33C12816EDC7003BA251 /* TutorialPageViewModelTests.swift in Sources */ = {isa = PBXBuildFile; fileRef = 42ED33C02816EDC7003BA251 /* TutorialPageViewModelTests.swift */; };
		42ED33C52816EE83003BA251 /* GetTutorialUsecaseSpy.swift in Sources */ = {isa = PBXBuildFile; fileRef = 42ED33C42816EE83003BA251 /* GetTutorialUsecaseSpy.swift */; };
		42F685C3282FF64B004F8342 /* Data.framework in Frameworks */ = {isa = PBXBuildFile; fileRef = 42F685C2282FF64B004F8342 /* Data.framework */; };
		56D90D039F7F166DD9367570 /* Pods_TutorialTests.framework in Frameworks */ = {isa = PBXBuildFile; fileRef = 2BB7336C64DE12DE018A31FF /* Pods_TutorialTests.framework */; };
		6AA66A5BFEB32C942FA098CD /* Pods_Tutorial.framework in Frameworks */ = {isa = PBXBuildFile; fileRef = 2CCD9EADAD59009454BC5EA6 /* Pods_Tutorial.framework */; };
/* End PBXBuildFile section */

/* Begin PBXContainerItemProxy section */
		42087930280EF9DF00940F3E /* PBXContainerItemProxy */ = {
			isa = PBXContainerItemProxy;
			containerPortal = 4208791B280EF9DE00940F3E /* Project object */;
			proxyType = 1;
			remoteGlobalIDString = 42087923280EF9DF00940F3E;
			remoteInfo = Tutorial;
		};
/* End PBXContainerItemProxy section */

/* Begin PBXCopyFilesBuildPhase section */
		42CD9B6328E3640F00F46CAB /* Embed Frameworks */ = {
			isa = PBXCopyFilesBuildPhase;
			buildActionMask = 2147483647;
			dstPath = "";
			dstSubfolderSpec = 10;
			files = (
				42CD9B6528E3641100F46CAB /* Data.framework in Embed Frameworks */,
				42CD9B6228E3640F00F46CAB /* Core.framework in Embed Frameworks */,
			);
			name = "Embed Frameworks";
			runOnlyForDeploymentPostprocessing = 0;
		};
/* End PBXCopyFilesBuildPhase section */

/* Begin PBXFileReference section */
		19B41916D2A35043B49871CF /* Pods-TutorialTests.testing.xcconfig */ = {isa = PBXFileReference; includeInIndex = 1; lastKnownFileType = text.xcconfig; name = "Pods-TutorialTests.testing.xcconfig"; path = "Target Support Files/Pods-TutorialTests/Pods-TutorialTests.testing.xcconfig"; sourceTree = "<group>"; };
		2BB7336C64DE12DE018A31FF /* Pods_TutorialTests.framework */ = {isa = PBXFileReference; explicitFileType = wrapper.framework; includeInIndex = 0; path = Pods_TutorialTests.framework; sourceTree = BUILT_PRODUCTS_DIR; };
		2CCD9EADAD59009454BC5EA6 /* Pods_Tutorial.framework */ = {isa = PBXFileReference; explicitFileType = wrapper.framework; includeInIndex = 0; path = Pods_Tutorial.framework; sourceTree = BUILT_PRODUCTS_DIR; };
		42064F3E28118AF500E18819 /* Assets.xcassets */ = {isa = PBXFileReference; lastKnownFileType = folder.assetcatalog; path = Assets.xcassets; sourceTree = "<group>"; };
		42064F4228118E7100E18819 /* TutorialResponse.swift */ = {isa = PBXFileReference; lastKnownFileType = sourcecode.swift; path = TutorialResponse.swift; sourceTree = "<group>"; };
		42064F4428118F2A00E18819 /* TutorialView.swift */ = {isa = PBXFileReference; lastKnownFileType = sourcecode.swift; path = TutorialView.swift; sourceTree = "<group>"; };
		42087924280EF9DF00940F3E /* Tutorial.framework */ = {isa = PBXFileReference; explicitFileType = wrapper.framework; includeInIndex = 0; path = Tutorial.framework; sourceTree = BUILT_PRODUCTS_DIR; };
		42087927280EF9DF00940F3E /* Tutorial.h */ = {isa = PBXFileReference; lastKnownFileType = sourcecode.c.h; path = Tutorial.h; sourceTree = "<group>"; };
		4208792E280EF9DF00940F3E /* TutorialTests.xctest */ = {isa = PBXFileReference; explicitFileType = wrapper.cfbundle; includeInIndex = 0; path = TutorialTests.xctest; sourceTree = BUILT_PRODUCTS_DIR; };
		4208799A280F13FE00940F3E /* TutorialExample.app */ = {isa = PBXFileReference; explicitFileType = wrapper.application; includeInIndex = 0; path = TutorialExample.app; sourceTree = BUILT_PRODUCTS_DIR; };
		4208799C280F13FE00940F3E /* AppDelegate.swift */ = {isa = PBXFileReference; lastKnownFileType = sourcecode.swift; path = AppDelegate.swift; sourceTree = "<group>"; };
		4208799E280F13FE00940F3E /* SceneDelegate.swift */ = {isa = PBXFileReference; lastKnownFileType = sourcecode.swift; path = SceneDelegate.swift; sourceTree = "<group>"; };
		420879A0280F13FE00940F3E /* ViewController.swift */ = {isa = PBXFileReference; lastKnownFileType = sourcecode.swift; path = ViewController.swift; sourceTree = "<group>"; };
		420879A3280F13FE00940F3E /* Base */ = {isa = PBXFileReference; lastKnownFileType = file.storyboard; name = Base; path = Base.lproj/Main.storyboard; sourceTree = "<group>"; };
		420879A5280F13FF00940F3E /* Assets.xcassets */ = {isa = PBXFileReference; lastKnownFileType = folder.assetcatalog; path = Assets.xcassets; sourceTree = "<group>"; };
		420879A8280F13FF00940F3E /* Base */ = {isa = PBXFileReference; lastKnownFileType = file.storyboard; name = Base; path = Base.lproj/LaunchScreen.storyboard; sourceTree = "<group>"; };
		420879AA280F13FF00940F3E /* Info.plist */ = {isa = PBXFileReference; lastKnownFileType = text.plist.xml; path = Info.plist; sourceTree = "<group>"; };
		4238B6A6281199DB000CE01D /* TutorialPageView.swift */ = {isa = PBXFileReference; lastKnownFileType = sourcecode.swift; path = TutorialPageView.swift; sourceTree = "<group>"; };
		4238B6AC28119B80000CE01D /* GetTutorialUsecase.swift */ = {isa = PBXFileReference; lastKnownFileType = sourcecode.swift; path = GetTutorialUsecase.swift; sourceTree = "<group>"; };
		4238B6B12811A1CA000CE01D /* TutorialPageViewModel.swift */ = {isa = PBXFileReference; lastKnownFileType = sourcecode.swift; path = TutorialPageViewModel.swift; sourceTree = "<group>"; };
		4238B6B82811B27A000CE01D /* GetTutorialUsecaseTests.swift */ = {isa = PBXFileReference; lastKnownFileType = sourcecode.swift; path = GetTutorialUsecaseTests.swift; sourceTree = "<group>"; };
		42CA3F31281D829F0006EF9C /* TutorialViewTests.swift */ = {isa = PBXFileReference; lastKnownFileType = sourcecode.swift; path = TutorialViewTests.swift; sourceTree = "<group>"; };
		42CA3F41281E820D0006EF9C /* ImageAsset.swift */ = {isa = PBXFileReference; lastKnownFileType = sourcecode.swift; path = ImageAsset.swift; sourceTree = "<group>"; };
		42CA3F48281EBF0B0006EF9C /* ImageAssetTests.swift */ = {isa = PBXFileReference; lastKnownFileType = sourcecode.swift; path = ImageAssetTests.swift; sourceTree = "<group>"; };
		42ED337B28151622003BA251 /* GetTutorialRepository.swift */ = {isa = PBXFileReference; lastKnownFileType = sourcecode.swift; path = GetTutorialRepository.swift; sourceTree = "<group>"; };
		42ED338628152892003BA251 /* Core.framework */ = {isa = PBXFileReference; explicitFileType = wrapper.framework; path = Core.framework; sourceTree = BUILT_PRODUCTS_DIR; };
		42ED338A281533B9003BA251 /* Core.framework */ = {isa = PBXFileReference; explicitFileType = wrapper.framework; path = Core.framework; sourceTree = BUILT_PRODUCTS_DIR; };
		42ED33B22816E301003BA251 /* GetTutorialRepositorySpy.swift */ = {isa = PBXFileReference; lastKnownFileType = sourcecode.swift; path = GetTutorialRepositorySpy.swift; sourceTree = "<group>"; };
		42ED33B62816E919003BA251 /* GetTutorialRepositoryTests.swift */ = {isa = PBXFileReference; lastKnownFileType = sourcecode.swift; path = GetTutorialRepositoryTests.swift; sourceTree = "<group>"; };
		42ED33BA2816EC9A003BA251 /* TutorialResponseTests.swift */ = {isa = PBXFileReference; lastKnownFileType = sourcecode.swift; path = TutorialResponseTests.swift; sourceTree = "<group>"; };
		42ED33BC2816ED3B003BA251 /* TutorialModelTests.swift */ = {isa = PBXFileReference; lastKnownFileType = sourcecode.swift; path = TutorialModelTests.swift; sourceTree = "<group>"; };
		42ED33C02816EDC7003BA251 /* TutorialPageViewModelTests.swift */ = {isa = PBXFileReference; lastKnownFileType = sourcecode.swift; path = TutorialPageViewModelTests.swift; sourceTree = "<group>"; };
		42ED33C42816EE83003BA251 /* GetTutorialUsecaseSpy.swift */ = {isa = PBXFileReference; lastKnownFileType = sourcecode.swift; path = GetTutorialUsecaseSpy.swift; sourceTree = "<group>"; };
		42F685C2282FF64B004F8342 /* Data.framework */ = {isa = PBXFileReference; explicitFileType = wrapper.framework; path = Data.framework; sourceTree = BUILT_PRODUCTS_DIR; };
		42F685D5283012CC004F8342 /* Data.framework */ = {isa = PBXFileReference; explicitFileType = wrapper.framework; path = Data.framework; sourceTree = BUILT_PRODUCTS_DIR; };
		75A8149F80F4CB29D4855D23 /* Pods-TutorialTests.debug.xcconfig */ = {isa = PBXFileReference; includeInIndex = 1; lastKnownFileType = text.xcconfig; name = "Pods-TutorialTests.debug.xcconfig"; path = "Target Support Files/Pods-TutorialTests/Pods-TutorialTests.debug.xcconfig"; sourceTree = "<group>"; };
		95E19F4329B04515A3AC2057 /* Pods-Tutorial.release.xcconfig */ = {isa = PBXFileReference; includeInIndex = 1; lastKnownFileType = text.xcconfig; name = "Pods-Tutorial.release.xcconfig"; path = "Target Support Files/Pods-Tutorial/Pods-Tutorial.release.xcconfig"; sourceTree = "<group>"; };
		A3BB85381731CD0B1865468F /* Pods-TutorialTests.release.xcconfig */ = {isa = PBXFileReference; includeInIndex = 1; lastKnownFileType = text.xcconfig; name = "Pods-TutorialTests.release.xcconfig"; path = "Target Support Files/Pods-TutorialTests/Pods-TutorialTests.release.xcconfig"; sourceTree = "<group>"; };
		AE8DA47DF5EEACA34E78077E /* Pods-Tutorial.debug.xcconfig */ = {isa = PBXFileReference; includeInIndex = 1; lastKnownFileType = text.xcconfig; name = "Pods-Tutorial.debug.xcconfig"; path = "Target Support Files/Pods-Tutorial/Pods-Tutorial.debug.xcconfig"; sourceTree = "<group>"; };
		CC9BF7CFFC1341224B96000E /* Pods-Tutorial.testing.xcconfig */ = {isa = PBXFileReference; includeInIndex = 1; lastKnownFileType = text.xcconfig; name = "Pods-Tutorial.testing.xcconfig"; path = "Target Support Files/Pods-Tutorial/Pods-Tutorial.testing.xcconfig"; sourceTree = "<group>"; };
/* End PBXFileReference section */

/* Begin PBXFrameworksBuildPhase section */
		42087921280EF9DF00940F3E /* Frameworks */ = {
			isa = PBXFrameworksBuildPhase;
			buildActionMask = 2147483647;
			files = (
				42F685C3282FF64B004F8342 /* Data.framework in Frameworks */,
				42ED338728152892003BA251 /* Core.framework in Frameworks */,
				6AA66A5BFEB32C942FA098CD /* Pods_Tutorial.framework in Frameworks */,
			);
			runOnlyForDeploymentPostprocessing = 0;
		};
		4208792B280EF9DF00940F3E /* Frameworks */ = {
			isa = PBXFrameworksBuildPhase;
			buildActionMask = 2147483647;
			files = (
				4208792F280EF9DF00940F3E /* Tutorial.framework in Frameworks */,
				56D90D039F7F166DD9367570 /* Pods_TutorialTests.framework in Frameworks */,
			);
			runOnlyForDeploymentPostprocessing = 0;
		};
		42087997280F13FE00940F3E /* Frameworks */ = {
			isa = PBXFrameworksBuildPhase;
			buildActionMask = 2147483647;
			files = (
				42CD9B6428E3641100F46CAB /* Data.framework in Frameworks */,
				42CD9B6128E3640F00F46CAB /* Core.framework in Frameworks */,
			);
			runOnlyForDeploymentPostprocessing = 0;
		};
/* End PBXFrameworksBuildPhase section */

/* Begin PBXGroup section */
		42064F4028118E5300E18819 /* ViewModel */ = {
			isa = PBXGroup;
			children = (
				4238B6B12811A1CA000CE01D /* TutorialPageViewModel.swift */,
			);
			path = ViewModel;
			sourceTree = "<group>";
		};
		42064F4128118E5E00E18819 /* Model */ = {
			isa = PBXGroup;
			children = (
				42064F4228118E7100E18819 /* TutorialResponse.swift */,
			);
			path = Model;
			sourceTree = "<group>";
		};
		4208791A280EF9DE00940F3E = {
			isa = PBXGroup;
			children = (
				42087926280EF9DF00940F3E /* Tutorial */,
				42087932280EF9DF00940F3E /* TutorialTests */,
				4208799B280F13FE00940F3E /* TutorialExample */,
				42087925280EF9DF00940F3E /* Products */,
				42ED338528152892003BA251 /* Frameworks */,
				C3C0582FEB2A66BDBC4DD456 /* Pods */,
			);
			sourceTree = "<group>";
		};
		42087925280EF9DF00940F3E /* Products */ = {
			isa = PBXGroup;
			children = (
				42087924280EF9DF00940F3E /* Tutorial.framework */,
				4208792E280EF9DF00940F3E /* TutorialTests.xctest */,
				4208799A280F13FE00940F3E /* TutorialExample.app */,
			);
			name = Products;
			sourceTree = "<group>";
		};
		42087926280EF9DF00940F3E /* Tutorial */ = {
			isa = PBXGroup;
			children = (
				42ED337A281515C0003BA251 /* Repository */,
				4238B6AB28119B49000CE01D /* Usecase */,
				42064F4128118E5E00E18819 /* Model */,
				4238B6A928119A86000CE01D /* Scene */,
				42CA3F40281E81F70006EF9C /* Resource */,
				42087927280EF9DF00940F3E /* Tutorial.h */,
			);
			path = Tutorial;
			sourceTree = "<group>";
		};
		42087932280EF9DF00940F3E /* TutorialTests */ = {
			isa = PBXGroup;
			children = (
				42ED33B12816E2EB003BA251 /* Spy */,
				42ED33B52816E8FF003BA251 /* Repository */,
				4238B6B72811B254000CE01D /* Usecase */,
				42ED33B92816EC87003BA251 /* Model */,
				42ED33BE2816ED92003BA251 /* Scene */,
				42CA3F47281EBEC90006EF9C /* Resource */,
			);
			path = TutorialTests;
			sourceTree = "<group>";
		};
		42087949280EFD8800940F3E /* View */ = {
			isa = PBXGroup;
			children = (
				4238B6A6281199DB000CE01D /* TutorialPageView.swift */,
				42064F4428118F2A00E18819 /* TutorialView.swift */,
			);
			path = View;
			sourceTree = "<group>";
		};
		4208799B280F13FE00940F3E /* TutorialExample */ = {
			isa = PBXGroup;
			children = (
				4208799C280F13FE00940F3E /* AppDelegate.swift */,
				4208799E280F13FE00940F3E /* SceneDelegate.swift */,
				420879A0280F13FE00940F3E /* ViewController.swift */,
				420879A2280F13FE00940F3E /* Main.storyboard */,
				420879A5280F13FF00940F3E /* Assets.xcassets */,
				420879A7280F13FF00940F3E /* LaunchScreen.storyboard */,
				420879AA280F13FF00940F3E /* Info.plist */,
			);
			path = TutorialExample;
			sourceTree = "<group>";
		};
		4238B6A928119A86000CE01D /* Scene */ = {
			isa = PBXGroup;
			children = (
				42064F4028118E5300E18819 /* ViewModel */,
				42087949280EFD8800940F3E /* View */,
			);
			path = Scene;
			sourceTree = "<group>";
		};
		4238B6AB28119B49000CE01D /* Usecase */ = {
			isa = PBXGroup;
			children = (
				4238B6AC28119B80000CE01D /* GetTutorialUsecase.swift */,
			);
			path = Usecase;
			sourceTree = "<group>";
		};
		4238B6B72811B254000CE01D /* Usecase */ = {
			isa = PBXGroup;
			children = (
				4238B6B82811B27A000CE01D /* GetTutorialUsecaseTests.swift */,
			);
			path = Usecase;
			sourceTree = "<group>";
		};
		42CA3F30281D828A0006EF9C /* View */ = {
			isa = PBXGroup;
			children = (
				42CA3F31281D829F0006EF9C /* TutorialViewTests.swift */,
			);
			path = View;
			sourceTree = "<group>";
		};
		42CA3F40281E81F70006EF9C /* Resource */ = {
			isa = PBXGroup;
			children = (
				42064F3E28118AF500E18819 /* Assets.xcassets */,
				42CA3F41281E820D0006EF9C /* ImageAsset.swift */,
			);
			path = Resource;
			sourceTree = "<group>";
		};
		42CA3F47281EBEC90006EF9C /* Resource */ = {
			isa = PBXGroup;
			children = (
				42CA3F48281EBF0B0006EF9C /* ImageAssetTests.swift */,
			);
			path = Resource;
			sourceTree = "<group>";
		};
		42ED337A281515C0003BA251 /* Repository */ = {
			isa = PBXGroup;
			children = (
				42ED337B28151622003BA251 /* GetTutorialRepository.swift */,
			);
			path = Repository;
			sourceTree = "<group>";
		};
		42ED338528152892003BA251 /* Frameworks */ = {
			isa = PBXGroup;
			children = (
				42F685D5283012CC004F8342 /* Data.framework */,
				42F685C2282FF64B004F8342 /* Data.framework */,
				42ED338A281533B9003BA251 /* Core.framework */,
				42ED338628152892003BA251 /* Core.framework */,
				2CCD9EADAD59009454BC5EA6 /* Pods_Tutorial.framework */,
				2BB7336C64DE12DE018A31FF /* Pods_TutorialTests.framework */,
			);
			name = Frameworks;
			sourceTree = "<group>";
		};
		42ED33B12816E2EB003BA251 /* Spy */ = {
			isa = PBXGroup;
			children = (
				42ED33C22816EE63003BA251 /* Repository */,
				42ED33C32816EE6F003BA251 /* Usecase */,
			);
			path = Spy;
			sourceTree = "<group>";
		};
		42ED33B52816E8FF003BA251 /* Repository */ = {
			isa = PBXGroup;
			children = (
				42ED33B62816E919003BA251 /* GetTutorialRepositoryTests.swift */,
			);
			path = Repository;
			sourceTree = "<group>";
		};
		42ED33B92816EC87003BA251 /* Model */ = {
			isa = PBXGroup;
			children = (
				42ED33BA2816EC9A003BA251 /* TutorialResponseTests.swift */,
				42ED33BC2816ED3B003BA251 /* TutorialModelTests.swift */,
			);
			path = Model;
			sourceTree = "<group>";
		};
		42ED33BE2816ED92003BA251 /* Scene */ = {
			isa = PBXGroup;
			children = (
				42ED33BF2816EDB0003BA251 /* ViewModel */,
				42CA3F30281D828A0006EF9C /* View */,
			);
			path = Scene;
			sourceTree = "<group>";
		};
		42ED33BF2816EDB0003BA251 /* ViewModel */ = {
			isa = PBXGroup;
			children = (
				42ED33C02816EDC7003BA251 /* TutorialPageViewModelTests.swift */,
			);
			path = ViewModel;
			sourceTree = "<group>";
		};
		42ED33C22816EE63003BA251 /* Repository */ = {
			isa = PBXGroup;
			children = (
				42ED33B22816E301003BA251 /* GetTutorialRepositorySpy.swift */,
			);
			path = Repository;
			sourceTree = "<group>";
		};
		42ED33C32816EE6F003BA251 /* Usecase */ = {
			isa = PBXGroup;
			children = (
				42ED33C42816EE83003BA251 /* GetTutorialUsecaseSpy.swift */,
			);
			path = Usecase;
			sourceTree = "<group>";
		};
		C3C0582FEB2A66BDBC4DD456 /* Pods */ = {
			isa = PBXGroup;
			children = (
				AE8DA47DF5EEACA34E78077E /* Pods-Tutorial.debug.xcconfig */,
				CC9BF7CFFC1341224B96000E /* Pods-Tutorial.testing.xcconfig */,
				95E19F4329B04515A3AC2057 /* Pods-Tutorial.release.xcconfig */,
				75A8149F80F4CB29D4855D23 /* Pods-TutorialTests.debug.xcconfig */,
				19B41916D2A35043B49871CF /* Pods-TutorialTests.testing.xcconfig */,
				A3BB85381731CD0B1865468F /* Pods-TutorialTests.release.xcconfig */,
			);
			name = Pods;
			path = ../../Pods;
			sourceTree = "<group>";
		};
/* End PBXGroup section */

/* Begin PBXHeadersBuildPhase section */
		4208791F280EF9DF00940F3E /* Headers */ = {
			isa = PBXHeadersBuildPhase;
			buildActionMask = 2147483647;
			files = (
				42087935280EF9DF00940F3E /* Tutorial.h in Headers */,
			);
			runOnlyForDeploymentPostprocessing = 0;
		};
/* End PBXHeadersBuildPhase section */

/* Begin PBXNativeTarget section */
		42087923280EF9DF00940F3E /* Tutorial */ = {
			isa = PBXNativeTarget;
			buildConfigurationList = 42087938280EF9DF00940F3E /* Build configuration list for PBXNativeTarget "Tutorial" */;
			buildPhases = (
				E7BDB428C520BCAAF90FA35F /* [CP] Check Pods Manifest.lock */,
				4208791F280EF9DF00940F3E /* Headers */,
				42087920280EF9DF00940F3E /* Sources */,
				42087921280EF9DF00940F3E /* Frameworks */,
				42087922280EF9DF00940F3E /* Resources */,
			);
			buildRules = (
			);
			dependencies = (
			);
			name = Tutorial;
			productName = Tutorial;
			productReference = 42087924280EF9DF00940F3E /* Tutorial.framework */;
			productType = "com.apple.product-type.framework";
		};
		4208792D280EF9DF00940F3E /* TutorialTests */ = {
			isa = PBXNativeTarget;
			buildConfigurationList = 4208793B280EF9DF00940F3E /* Build configuration list for PBXNativeTarget "TutorialTests" */;
			buildPhases = (
				9C921CB07F1DBFE38608DBFC /* [CP] Check Pods Manifest.lock */,
				4208792A280EF9DF00940F3E /* Sources */,
				4208792B280EF9DF00940F3E /* Frameworks */,
				4208792C280EF9DF00940F3E /* Resources */,
				C1177494A1B168ABBA63900A /* [CP] Embed Pods Frameworks */,
			);
			buildRules = (
			);
			dependencies = (
				42087931280EF9DF00940F3E /* PBXTargetDependency */,
			);
			name = TutorialTests;
			productName = TutorialTests;
			productReference = 4208792E280EF9DF00940F3E /* TutorialTests.xctest */;
			productType = "com.apple.product-type.bundle.unit-test";
		};
		42087999280F13FE00940F3E /* TutorialExample */ = {
			isa = PBXNativeTarget;
			buildConfigurationList = 420879AB280F13FF00940F3E /* Build configuration list for PBXNativeTarget "TutorialExample" */;
			buildPhases = (
				42087996280F13FE00940F3E /* Sources */,
				42087997280F13FE00940F3E /* Frameworks */,
				42087998280F13FE00940F3E /* Resources */,
				42CD9B6328E3640F00F46CAB /* Embed Frameworks */,
			);
			buildRules = (
			);
			dependencies = (
			);
			name = TutorialExample;
			productName = TutorialExample;
			productReference = 4208799A280F13FE00940F3E /* TutorialExample.app */;
			productType = "com.apple.product-type.application";
		};
/* End PBXNativeTarget section */

/* Begin PBXProject section */
		4208791B280EF9DE00940F3E /* Project object */ = {
			isa = PBXProject;
			attributes = {
				BuildIndependentTargetsInParallel = 1;
				LastSwiftUpdateCheck = 1320;
				LastUpgradeCheck = 1320;
				TargetAttributes = {
					42087923280EF9DF00940F3E = {
						CreatedOnToolsVersion = 13.2.1;
					};
					4208792D280EF9DF00940F3E = {
						CreatedOnToolsVersion = 13.2.1;
						LastSwiftMigration = 1320;
					};
					42087999280F13FE00940F3E = {
						CreatedOnToolsVersion = 13.2.1;
					};
				};
			};
			buildConfigurationList = 4208791E280EF9DE00940F3E /* Build configuration list for PBXProject "Tutorial" */;
			compatibilityVersion = "Xcode 13.0";
			developmentRegion = en;
			hasScannedForEncodings = 0;
			knownRegions = (
				en,
				Base,
			);
			mainGroup = 4208791A280EF9DE00940F3E;
			productRefGroup = 42087925280EF9DF00940F3E /* Products */;
			projectDirPath = "";
			projectRoot = "";
			targets = (
				42087923280EF9DF00940F3E /* Tutorial */,
				4208792D280EF9DF00940F3E /* TutorialTests */,
				42087999280F13FE00940F3E /* TutorialExample */,
			);
		};
/* End PBXProject section */

/* Begin PBXResourcesBuildPhase section */
		42087922280EF9DF00940F3E /* Resources */ = {
			isa = PBXResourcesBuildPhase;
			buildActionMask = 2147483647;
			files = (
				42064F3F28118AF500E18819 /* Assets.xcassets in Resources */,
			);
			runOnlyForDeploymentPostprocessing = 0;
		};
		4208792C280EF9DF00940F3E /* Resources */ = {
			isa = PBXResourcesBuildPhase;
			buildActionMask = 2147483647;
			files = (
			);
			runOnlyForDeploymentPostprocessing = 0;
		};
		42087998280F13FE00940F3E /* Resources */ = {
			isa = PBXResourcesBuildPhase;
			buildActionMask = 2147483647;
			files = (
				420879A9280F13FF00940F3E /* LaunchScreen.storyboard in Resources */,
				420879A6280F13FF00940F3E /* Assets.xcassets in Resources */,
				4238B6B02811A045000CE01D /* Assets.xcassets in Resources */,
				420879A4280F13FE00940F3E /* Main.storyboard in Resources */,
			);
			runOnlyForDeploymentPostprocessing = 0;
		};
/* End PBXResourcesBuildPhase section */

/* Begin PBXShellScriptBuildPhase section */
		9C921CB07F1DBFE38608DBFC /* [CP] Check Pods Manifest.lock */ = {
			isa = PBXShellScriptBuildPhase;
			buildActionMask = 2147483647;
			files = (
			);
			inputFileListPaths = (
			);
			inputPaths = (
				"${PODS_PODFILE_DIR_PATH}/Podfile.lock",
				"${PODS_ROOT}/Manifest.lock",
			);
			name = "[CP] Check Pods Manifest.lock";
			outputFileListPaths = (
			);
			outputPaths = (
				"$(DERIVED_FILE_DIR)/Pods-TutorialTests-checkManifestLockResult.txt",
			);
			runOnlyForDeploymentPostprocessing = 0;
			shellPath = /bin/sh;
			shellScript = "diff \"${PODS_PODFILE_DIR_PATH}/Podfile.lock\" \"${PODS_ROOT}/Manifest.lock\" > /dev/null\nif [ $? != 0 ] ; then\n    # print error to STDERR\n    echo \"error: The sandbox is not in sync with the Podfile.lock. Run 'pod install' or update your CocoaPods installation.\" >&2\n    exit 1\nfi\n# This output is used by Xcode 'outputs' to avoid re-running this script phase.\necho \"SUCCESS\" > \"${SCRIPT_OUTPUT_FILE_0}\"\n";
			showEnvVarsInLog = 0;
		};
		C1177494A1B168ABBA63900A /* [CP] Embed Pods Frameworks */ = {
			isa = PBXShellScriptBuildPhase;
			buildActionMask = 2147483647;
			files = (
			);
			inputFileListPaths = (
				"${PODS_ROOT}/Target Support Files/Pods-TutorialTests/Pods-TutorialTests-frameworks-${CONFIGURATION}-input-files.xcfilelist",
			);
			name = "[CP] Embed Pods Frameworks";
			outputFileListPaths = (
				"${PODS_ROOT}/Target Support Files/Pods-TutorialTests/Pods-TutorialTests-frameworks-${CONFIGURATION}-output-files.xcfilelist",
			);
			runOnlyForDeploymentPostprocessing = 0;
			shellPath = /bin/sh;
			shellScript = "\"${PODS_ROOT}/Target Support Files/Pods-TutorialTests/Pods-TutorialTests-frameworks.sh\"\n";
			showEnvVarsInLog = 0;
		};
		E7BDB428C520BCAAF90FA35F /* [CP] Check Pods Manifest.lock */ = {
			isa = PBXShellScriptBuildPhase;
			buildActionMask = 2147483647;
			files = (
			);
			inputFileListPaths = (
			);
			inputPaths = (
				"${PODS_PODFILE_DIR_PATH}/Podfile.lock",
				"${PODS_ROOT}/Manifest.lock",
			);
			name = "[CP] Check Pods Manifest.lock";
			outputFileListPaths = (
			);
			outputPaths = (
				"$(DERIVED_FILE_DIR)/Pods-Tutorial-checkManifestLockResult.txt",
			);
			runOnlyForDeploymentPostprocessing = 0;
			shellPath = /bin/sh;
			shellScript = "diff \"${PODS_PODFILE_DIR_PATH}/Podfile.lock\" \"${PODS_ROOT}/Manifest.lock\" > /dev/null\nif [ $? != 0 ] ; then\n    # print error to STDERR\n    echo \"error: The sandbox is not in sync with the Podfile.lock. Run 'pod install' or update your CocoaPods installation.\" >&2\n    exit 1\nfi\n# This output is used by Xcode 'outputs' to avoid re-running this script phase.\necho \"SUCCESS\" > \"${SCRIPT_OUTPUT_FILE_0}\"\n";
			showEnvVarsInLog = 0;
		};
/* End PBXShellScriptBuildPhase section */

/* Begin PBXSourcesBuildPhase section */
		42087920280EF9DF00940F3E /* Sources */ = {
			isa = PBXSourcesBuildPhase;
			buildActionMask = 2147483647;
			files = (
				42CA3F42281E820D0006EF9C /* ImageAsset.swift in Sources */,
				42ED337C28151622003BA251 /* GetTutorialRepository.swift in Sources */,
				42064F4528118F2B00E18819 /* TutorialView.swift in Sources */,
				4238B6B22811A1CA000CE01D /* TutorialPageViewModel.swift in Sources */,
				4238B6A7281199DB000CE01D /* TutorialPageView.swift in Sources */,
				4238B6AD28119B80000CE01D /* GetTutorialUsecase.swift in Sources */,
				42064F4328118E7100E18819 /* TutorialResponse.swift in Sources */,
			);
			runOnlyForDeploymentPostprocessing = 0;
		};
		4208792A280EF9DF00940F3E /* Sources */ = {
			isa = PBXSourcesBuildPhase;
			buildActionMask = 2147483647;
			files = (
				42ED33BB2816EC9A003BA251 /* TutorialResponseTests.swift in Sources */,
				42CA3F49281EBF0B0006EF9C /* ImageAssetTests.swift in Sources */,
				42ED33B72816E919003BA251 /* GetTutorialRepositoryTests.swift in Sources */,
				4238B6B92811B27A000CE01D /* GetTutorialUsecaseTests.swift in Sources */,
				42ED33C52816EE83003BA251 /* GetTutorialUsecaseSpy.swift in Sources */,
				42CA3F32281D829F0006EF9C /* TutorialViewTests.swift in Sources */,
				42ED33BD2816ED3B003BA251 /* TutorialModelTests.swift in Sources */,
				42ED33C12816EDC7003BA251 /* TutorialPageViewModelTests.swift in Sources */,
				42ED33B32816E301003BA251 /* GetTutorialRepositorySpy.swift in Sources */,
			);
			runOnlyForDeploymentPostprocessing = 0;
		};
		42087996280F13FE00940F3E /* Sources */ = {
			isa = PBXSourcesBuildPhase;
			buildActionMask = 2147483647;
			files = (
				42CA3F43281E832A0006EF9C /* ImageAsset.swift in Sources */,
				4238B6B32811A1CA000CE01D /* TutorialPageViewModel.swift in Sources */,
				420879A1280F13FE00940F3E /* ViewController.swift in Sources */,
				4208799D280F13FE00940F3E /* AppDelegate.swift in Sources */,
				4208799F280F13FE00940F3E /* SceneDelegate.swift in Sources */,
				4238B6AE28119EE8000CE01D /* TutorialView.swift in Sources */,
				4238B6B52811A6B5000CE01D /* GetTutorialUsecase.swift in Sources */,
				42ED337D28151622003BA251 /* GetTutorialRepository.swift in Sources */,
				4238B6A8281199E9000CE01D /* TutorialPageView.swift in Sources */,
				4238B6AF28119EEC000CE01D /* TutorialResponse.swift in Sources */,
			);
			runOnlyForDeploymentPostprocessing = 0;
		};
/* End PBXSourcesBuildPhase section */

/* Begin PBXTargetDependency section */
		42087931280EF9DF00940F3E /* PBXTargetDependency */ = {
			isa = PBXTargetDependency;
			target = 42087923280EF9DF00940F3E /* Tutorial */;
			targetProxy = 42087930280EF9DF00940F3E /* PBXContainerItemProxy */;
		};
/* End PBXTargetDependency section */

/* Begin PBXVariantGroup section */
		420879A2280F13FE00940F3E /* Main.storyboard */ = {
			isa = PBXVariantGroup;
			children = (
				420879A3280F13FE00940F3E /* Base */,
			);
			name = Main.storyboard;
			sourceTree = "<group>";
		};
		420879A7280F13FF00940F3E /* LaunchScreen.storyboard */ = {
			isa = PBXVariantGroup;
			children = (
				420879A8280F13FF00940F3E /* Base */,
			);
			name = LaunchScreen.storyboard;
			sourceTree = "<group>";
		};
/* End PBXVariantGroup section */

/* Begin XCBuildConfiguration section */
		42087936280EF9DF00940F3E /* Debug */ = {
			isa = XCBuildConfiguration;
			buildSettings = {
				ALWAYS_SEARCH_USER_PATHS = NO;
				CLANG_ANALYZER_NONNULL = YES;
				CLANG_ANALYZER_NUMBER_OBJECT_CONVERSION = YES_AGGRESSIVE;
				CLANG_CXX_LANGUAGE_STANDARD = "gnu++17";
				CLANG_CXX_LIBRARY = "libc++";
				CLANG_ENABLE_MODULES = YES;
				CLANG_ENABLE_OBJC_ARC = YES;
				CLANG_ENABLE_OBJC_WEAK = YES;
				CLANG_WARN_BLOCK_CAPTURE_AUTORELEASING = YES;
				CLANG_WARN_BOOL_CONVERSION = YES;
				CLANG_WARN_COMMA = YES;
				CLANG_WARN_CONSTANT_CONVERSION = YES;
				CLANG_WARN_DEPRECATED_OBJC_IMPLEMENTATIONS = YES;
				CLANG_WARN_DIRECT_OBJC_ISA_USAGE = YES_ERROR;
				CLANG_WARN_DOCUMENTATION_COMMENTS = YES;
				CLANG_WARN_EMPTY_BODY = YES;
				CLANG_WARN_ENUM_CONVERSION = YES;
				CLANG_WARN_INFINITE_RECURSION = YES;
				CLANG_WARN_INT_CONVERSION = YES;
				CLANG_WARN_NON_LITERAL_NULL_CONVERSION = YES;
				CLANG_WARN_OBJC_IMPLICIT_RETAIN_SELF = YES;
				CLANG_WARN_OBJC_LITERAL_CONVERSION = YES;
				CLANG_WARN_OBJC_ROOT_CLASS = YES_ERROR;
				CLANG_WARN_QUOTED_INCLUDE_IN_FRAMEWORK_HEADER = YES;
				CLANG_WARN_RANGE_LOOP_ANALYSIS = YES;
				CLANG_WARN_STRICT_PROTOTYPES = YES;
				CLANG_WARN_SUSPICIOUS_MOVE = YES;
				CLANG_WARN_UNGUARDED_AVAILABILITY = YES_AGGRESSIVE;
				CLANG_WARN_UNREACHABLE_CODE = YES;
				CLANG_WARN__DUPLICATE_METHOD_MATCH = YES;
				COPY_PHASE_STRIP = NO;
				CURRENT_PROJECT_VERSION = 1;
				DEBUG_INFORMATION_FORMAT = dwarf;
				ENABLE_STRICT_OBJC_MSGSEND = YES;
				ENABLE_TESTABILITY = YES;
				GCC_C_LANGUAGE_STANDARD = gnu11;
				GCC_DYNAMIC_NO_PIC = NO;
				GCC_NO_COMMON_BLOCKS = YES;
				GCC_OPTIMIZATION_LEVEL = 0;
				GCC_PREPROCESSOR_DEFINITIONS = (
					"DEBUG=1",
					"$(inherited)",
				);
				GCC_WARN_64_TO_32_BIT_CONVERSION = YES;
				GCC_WARN_ABOUT_RETURN_TYPE = YES_ERROR;
				GCC_WARN_UNDECLARED_SELECTOR = YES;
				GCC_WARN_UNINITIALIZED_AUTOS = YES_AGGRESSIVE;
				GCC_WARN_UNUSED_FUNCTION = YES;
				GCC_WARN_UNUSED_VARIABLE = YES;
				IPHONEOS_DEPLOYMENT_TARGET = 15.0;
				MTL_ENABLE_DEBUG_INFO = INCLUDE_SOURCE;
				MTL_FAST_MATH = YES;
				ONLY_ACTIVE_ARCH = YES;
				SDKROOT = iphoneos;
				SWIFT_ACTIVE_COMPILATION_CONDITIONS = DEBUG;
				SWIFT_OPTIMIZATION_LEVEL = "-Onone";
				VERSIONING_SYSTEM = "apple-generic";
				VERSION_INFO_PREFIX = "";
			};
			name = Debug;
		};
		42087937280EF9DF00940F3E /* Release */ = {
			isa = XCBuildConfiguration;
			buildSettings = {
				ALWAYS_SEARCH_USER_PATHS = NO;
				CLANG_ANALYZER_NONNULL = YES;
				CLANG_ANALYZER_NUMBER_OBJECT_CONVERSION = YES_AGGRESSIVE;
				CLANG_CXX_LANGUAGE_STANDARD = "gnu++17";
				CLANG_CXX_LIBRARY = "libc++";
				CLANG_ENABLE_MODULES = YES;
				CLANG_ENABLE_OBJC_ARC = YES;
				CLANG_ENABLE_OBJC_WEAK = YES;
				CLANG_WARN_BLOCK_CAPTURE_AUTORELEASING = YES;
				CLANG_WARN_BOOL_CONVERSION = YES;
				CLANG_WARN_COMMA = YES;
				CLANG_WARN_CONSTANT_CONVERSION = YES;
				CLANG_WARN_DEPRECATED_OBJC_IMPLEMENTATIONS = YES;
				CLANG_WARN_DIRECT_OBJC_ISA_USAGE = YES_ERROR;
				CLANG_WARN_DOCUMENTATION_COMMENTS = YES;
				CLANG_WARN_EMPTY_BODY = YES;
				CLANG_WARN_ENUM_CONVERSION = YES;
				CLANG_WARN_INFINITE_RECURSION = YES;
				CLANG_WARN_INT_CONVERSION = YES;
				CLANG_WARN_NON_LITERAL_NULL_CONVERSION = YES;
				CLANG_WARN_OBJC_IMPLICIT_RETAIN_SELF = YES;
				CLANG_WARN_OBJC_LITERAL_CONVERSION = YES;
				CLANG_WARN_OBJC_ROOT_CLASS = YES_ERROR;
				CLANG_WARN_QUOTED_INCLUDE_IN_FRAMEWORK_HEADER = YES;
				CLANG_WARN_RANGE_LOOP_ANALYSIS = YES;
				CLANG_WARN_STRICT_PROTOTYPES = YES;
				CLANG_WARN_SUSPICIOUS_MOVE = YES;
				CLANG_WARN_UNGUARDED_AVAILABILITY = YES_AGGRESSIVE;
				CLANG_WARN_UNREACHABLE_CODE = YES;
				CLANG_WARN__DUPLICATE_METHOD_MATCH = YES;
				COPY_PHASE_STRIP = NO;
				CURRENT_PROJECT_VERSION = 1;
				DEBUG_INFORMATION_FORMAT = "dwarf-with-dsym";
				ENABLE_NS_ASSERTIONS = NO;
				ENABLE_STRICT_OBJC_MSGSEND = YES;
				GCC_C_LANGUAGE_STANDARD = gnu11;
				GCC_NO_COMMON_BLOCKS = YES;
				GCC_WARN_64_TO_32_BIT_CONVERSION = YES;
				GCC_WARN_ABOUT_RETURN_TYPE = YES_ERROR;
				GCC_WARN_UNDECLARED_SELECTOR = YES;
				GCC_WARN_UNINITIALIZED_AUTOS = YES_AGGRESSIVE;
				GCC_WARN_UNUSED_FUNCTION = YES;
				GCC_WARN_UNUSED_VARIABLE = YES;
				IPHONEOS_DEPLOYMENT_TARGET = 15.0;
				MTL_ENABLE_DEBUG_INFO = NO;
				MTL_FAST_MATH = YES;
				SDKROOT = iphoneos;
				SWIFT_COMPILATION_MODE = wholemodule;
				SWIFT_OPTIMIZATION_LEVEL = "-O";
				VALIDATE_PRODUCT = YES;
				VERSIONING_SYSTEM = "apple-generic";
				VERSION_INFO_PREFIX = "";
			};
			name = Release;
		};
		42087939280EF9DF00940F3E /* Debug */ = {
			isa = XCBuildConfiguration;
			baseConfigurationReference = AE8DA47DF5EEACA34E78077E /* Pods-Tutorial.debug.xcconfig */;
			buildSettings = {
				CODE_SIGN_STYLE = Automatic;
				CURRENT_PROJECT_VERSION = 1;
				DEFINES_MODULE = YES;
				DEVELOPMENT_TEAM = XZGYDU9AXB;
				DYLIB_COMPATIBILITY_VERSION = 1;
				DYLIB_CURRENT_VERSION = 1;
				DYLIB_INSTALL_NAME_BASE = "@rpath";
				FRAMEWORK_SEARCH_PATHS = "$(inherited)";
				GENERATE_INFOPLIST_FILE = YES;
				INFOPLIST_KEY_NSHumanReadableCopyright = "";
				INSTALL_PATH = "$(LOCAL_LIBRARY_DIR)/Frameworks";
				LD_RUNPATH_SEARCH_PATHS = (
					"$(inherited)",
					"@executable_path/Frameworks",
					"@loader_path/Frameworks",
				);
				MARKETING_VERSION = 1.0;
				PRODUCT_BUNDLE_IDENTIFIER = com.p.Tutorial;
				PRODUCT_NAME = "$(TARGET_NAME:c99extidentifier)";
				SKIP_INSTALL = YES;
				SWIFT_EMIT_LOC_STRINGS = YES;
				SWIFT_VERSION = 5.0;
				TARGETED_DEVICE_FAMILY = "1,2";
			};
			name = Debug;
		};
		4208793A280EF9DF00940F3E /* Release */ = {
			isa = XCBuildConfiguration;
			baseConfigurationReference = 95E19F4329B04515A3AC2057 /* Pods-Tutorial.release.xcconfig */;
			buildSettings = {
				CODE_SIGN_STYLE = Automatic;
				CURRENT_PROJECT_VERSION = 1;
				DEFINES_MODULE = YES;
				DEVELOPMENT_TEAM = XZGYDU9AXB;
				DYLIB_COMPATIBILITY_VERSION = 1;
				DYLIB_CURRENT_VERSION = 1;
				DYLIB_INSTALL_NAME_BASE = "@rpath";
				FRAMEWORK_SEARCH_PATHS = "$(inherited)";
				GENERATE_INFOPLIST_FILE = YES;
				INFOPLIST_KEY_NSHumanReadableCopyright = "";
				INSTALL_PATH = "$(LOCAL_LIBRARY_DIR)/Frameworks";
				LD_RUNPATH_SEARCH_PATHS = (
					"$(inherited)",
					"@executable_path/Frameworks",
					"@loader_path/Frameworks",
				);
				MARKETING_VERSION = 1.0;
				PRODUCT_BUNDLE_IDENTIFIER = com.p.Tutorial;
				PRODUCT_NAME = "$(TARGET_NAME:c99extidentifier)";
				SKIP_INSTALL = YES;
				SWIFT_EMIT_LOC_STRINGS = YES;
				SWIFT_VERSION = 5.0;
				TARGETED_DEVICE_FAMILY = "1,2";
			};
			name = Release;
		};
		4208793C280EF9DF00940F3E /* Debug */ = {
			isa = XCBuildConfiguration;
			baseConfigurationReference = 75A8149F80F4CB29D4855D23 /* Pods-TutorialTests.debug.xcconfig */;
			buildSettings = {
				ALWAYS_EMBED_SWIFT_STANDARD_LIBRARIES = YES;
				CLANG_ENABLE_MODULES = YES;
				CODE_SIGN_STYLE = Automatic;
				CURRENT_PROJECT_VERSION = 1;
				DEVELOPMENT_TEAM = XZGYDU9AXB;
				GENERATE_INFOPLIST_FILE = YES;
				LD_RUNPATH_SEARCH_PATHS = (
					"$(inherited)",
					"@executable_path/Frameworks",
					"@loader_path/Frameworks",
				);
				MARKETING_VERSION = 1.0;
				PRODUCT_BUNDLE_IDENTIFIER = p.TutorialTests;
				PRODUCT_NAME = "$(TARGET_NAME)";
				SWIFT_EMIT_LOC_STRINGS = NO;
				SWIFT_OPTIMIZATION_LEVEL = "-Onone";
				SWIFT_VERSION = 5.0;
				TARGETED_DEVICE_FAMILY = "1,2";
			};
			name = Debug;
		};
		4208793D280EF9DF00940F3E /* Release */ = {
			isa = XCBuildConfiguration;
			baseConfigurationReference = A3BB85381731CD0B1865468F /* Pods-TutorialTests.release.xcconfig */;
			buildSettings = {
				ALWAYS_EMBED_SWIFT_STANDARD_LIBRARIES = YES;
				CLANG_ENABLE_MODULES = YES;
				CODE_SIGN_STYLE = Automatic;
				CURRENT_PROJECT_VERSION = 1;
				DEVELOPMENT_TEAM = XZGYDU9AXB;
				GENERATE_INFOPLIST_FILE = YES;
				LD_RUNPATH_SEARCH_PATHS = (
					"$(inherited)",
					"@executable_path/Frameworks",
					"@loader_path/Frameworks",
				);
				MARKETING_VERSION = 1.0;
				PRODUCT_BUNDLE_IDENTIFIER = p.TutorialTests;
				PRODUCT_NAME = "$(TARGET_NAME)";
				SWIFT_EMIT_LOC_STRINGS = NO;
				SWIFT_VERSION = 5.0;
				TARGETED_DEVICE_FAMILY = "1,2";
			};
			name = Release;
		};
		420879AC280F13FF00940F3E /* Debug */ = {
			isa = XCBuildConfiguration;
			buildSettings = {
				ASSETCATALOG_COMPILER_APPICON_NAME = AppIcon;
				ASSETCATALOG_COMPILER_GLOBAL_ACCENT_COLOR_NAME = AccentColor;
				CODE_SIGN_STYLE = Automatic;
				CURRENT_PROJECT_VERSION = 1;
				DEVELOPMENT_TEAM = XZGYDU9AXB;
				GENERATE_INFOPLIST_FILE = YES;
				INFOPLIST_FILE = TutorialExample/Info.plist;
				INFOPLIST_KEY_UIApplicationSupportsIndirectInputEvents = YES;
				INFOPLIST_KEY_UILaunchStoryboardName = LaunchScreen;
				INFOPLIST_KEY_UIMainStoryboardFile = Main;
				INFOPLIST_KEY_UISupportedInterfaceOrientations_iPad = "UIInterfaceOrientationPortrait UIInterfaceOrientationPortraitUpsideDown UIInterfaceOrientationLandscapeLeft UIInterfaceOrientationLandscapeRight";
				INFOPLIST_KEY_UISupportedInterfaceOrientations_iPhone = "UIInterfaceOrientationPortrait UIInterfaceOrientationLandscapeLeft UIInterfaceOrientationLandscapeRight";
				IPHONEOS_DEPLOYMENT_TARGET = 15.0;
				LD_RUNPATH_SEARCH_PATHS = (
					"$(inherited)",
					"@executable_path/Frameworks",
				);
				MARKETING_VERSION = 1.0;
				PRODUCT_BUNDLE_IDENTIFIER = com.p.TutorialExample;
				PRODUCT_NAME = "$(TARGET_NAME)";
				SWIFT_EMIT_LOC_STRINGS = YES;
				SWIFT_VERSION = 5.0;
				TARGETED_DEVICE_FAMILY = "1,2";
			};
			name = Debug;
		};
		420879AD280F13FF00940F3E /* Release */ = {
			isa = XCBuildConfiguration;
			buildSettings = {
				ASSETCATALOG_COMPILER_APPICON_NAME = AppIcon;
				ASSETCATALOG_COMPILER_GLOBAL_ACCENT_COLOR_NAME = AccentColor;
				CODE_SIGN_STYLE = Automatic;
				CURRENT_PROJECT_VERSION = 1;
				DEVELOPMENT_TEAM = XZGYDU9AXB;
				GENERATE_INFOPLIST_FILE = YES;
				INFOPLIST_FILE = TutorialExample/Info.plist;
				INFOPLIST_KEY_UIApplicationSupportsIndirectInputEvents = YES;
				INFOPLIST_KEY_UILaunchStoryboardName = LaunchScreen;
				INFOPLIST_KEY_UIMainStoryboardFile = Main;
				INFOPLIST_KEY_UISupportedInterfaceOrientations_iPad = "UIInterfaceOrientationPortrait UIInterfaceOrientationPortraitUpsideDown UIInterfaceOrientationLandscapeLeft UIInterfaceOrientationLandscapeRight";
				INFOPLIST_KEY_UISupportedInterfaceOrientations_iPhone = "UIInterfaceOrientationPortrait UIInterfaceOrientationLandscapeLeft UIInterfaceOrientationLandscapeRight";
				IPHONEOS_DEPLOYMENT_TARGET = 15.0;
				LD_RUNPATH_SEARCH_PATHS = (
					"$(inherited)",
					"@executable_path/Frameworks",
				);
				MARKETING_VERSION = 1.0;
				PRODUCT_BUNDLE_IDENTIFIER = com.p.TutorialExample;
				PRODUCT_NAME = "$(TARGET_NAME)";
				SWIFT_EMIT_LOC_STRINGS = YES;
				SWIFT_VERSION = 5.0;
				TARGETED_DEVICE_FAMILY = "1,2";
			};
			name = Release;
		};
		42ED33C82816F8EE003BA251 /* Testing */ = {
			isa = XCBuildConfiguration;
			buildSettings = {
				ALWAYS_SEARCH_USER_PATHS = NO;
				CLANG_ANALYZER_NONNULL = YES;
				CLANG_ANALYZER_NUMBER_OBJECT_CONVERSION = YES_AGGRESSIVE;
				CLANG_CXX_LANGUAGE_STANDARD = "gnu++17";
				CLANG_CXX_LIBRARY = "libc++";
				CLANG_ENABLE_MODULES = YES;
				CLANG_ENABLE_OBJC_ARC = YES;
				CLANG_ENABLE_OBJC_WEAK = YES;
				CLANG_WARN_BLOCK_CAPTURE_AUTORELEASING = YES;
				CLANG_WARN_BOOL_CONVERSION = YES;
				CLANG_WARN_COMMA = YES;
				CLANG_WARN_CONSTANT_CONVERSION = YES;
				CLANG_WARN_DEPRECATED_OBJC_IMPLEMENTATIONS = YES;
				CLANG_WARN_DIRECT_OBJC_ISA_USAGE = YES_ERROR;
				CLANG_WARN_DOCUMENTATION_COMMENTS = YES;
				CLANG_WARN_EMPTY_BODY = YES;
				CLANG_WARN_ENUM_CONVERSION = YES;
				CLANG_WARN_INFINITE_RECURSION = YES;
				CLANG_WARN_INT_CONVERSION = YES;
				CLANG_WARN_NON_LITERAL_NULL_CONVERSION = YES;
				CLANG_WARN_OBJC_IMPLICIT_RETAIN_SELF = YES;
				CLANG_WARN_OBJC_LITERAL_CONVERSION = YES;
				CLANG_WARN_OBJC_ROOT_CLASS = YES_ERROR;
				CLANG_WARN_QUOTED_INCLUDE_IN_FRAMEWORK_HEADER = YES;
				CLANG_WARN_RANGE_LOOP_ANALYSIS = YES;
				CLANG_WARN_STRICT_PROTOTYPES = YES;
				CLANG_WARN_SUSPICIOUS_MOVE = YES;
				CLANG_WARN_UNGUARDED_AVAILABILITY = YES_AGGRESSIVE;
				CLANG_WARN_UNREACHABLE_CODE = YES;
				CLANG_WARN__DUPLICATE_METHOD_MATCH = YES;
				COPY_PHASE_STRIP = NO;
				CURRENT_PROJECT_VERSION = 1;
				DEBUG_INFORMATION_FORMAT = dwarf;
				ENABLE_STRICT_OBJC_MSGSEND = YES;
				ENABLE_TESTABILITY = YES;
				GCC_C_LANGUAGE_STANDARD = gnu11;
				GCC_DYNAMIC_NO_PIC = NO;
				GCC_NO_COMMON_BLOCKS = YES;
				GCC_OPTIMIZATION_LEVEL = 0;
				GCC_PREPROCESSOR_DEFINITIONS = (
					"DEBUG=1",
					"$(inherited)",
				);
				GCC_WARN_64_TO_32_BIT_CONVERSION = YES;
				GCC_WARN_ABOUT_RETURN_TYPE = YES_ERROR;
				GCC_WARN_UNDECLARED_SELECTOR = YES;
				GCC_WARN_UNINITIALIZED_AUTOS = YES_AGGRESSIVE;
				GCC_WARN_UNUSED_FUNCTION = YES;
				GCC_WARN_UNUSED_VARIABLE = YES;
				IPHONEOS_DEPLOYMENT_TARGET = 15.0;
				MTL_ENABLE_DEBUG_INFO = INCLUDE_SOURCE;
				MTL_FAST_MATH = YES;
				ONLY_ACTIVE_ARCH = YES;
				SDKROOT = iphoneos;
				SWIFT_ACTIVE_COMPILATION_CONDITIONS = TESTING;
				SWIFT_OPTIMIZATION_LEVEL = "-Onone";
				VERSIONING_SYSTEM = "apple-generic";
				VERSION_INFO_PREFIX = "";
			};
			name = Testing;
		};
		42ED33C92816F8EE003BA251 /* Testing */ = {
			isa = XCBuildConfiguration;
			baseConfigurationReference = CC9BF7CFFC1341224B96000E /* Pods-Tutorial.testing.xcconfig */;
			buildSettings = {
				CODE_SIGN_STYLE = Automatic;
				CURRENT_PROJECT_VERSION = 1;
				DEFINES_MODULE = YES;
				DEVELOPMENT_TEAM = XZGYDU9AXB;
				DYLIB_COMPATIBILITY_VERSION = 1;
				DYLIB_CURRENT_VERSION = 1;
				DYLIB_INSTALL_NAME_BASE = "@rpath";
				FRAMEWORK_SEARCH_PATHS = "$(inherited)";
				GENERATE_INFOPLIST_FILE = YES;
				INFOPLIST_KEY_NSHumanReadableCopyright = "";
				INSTALL_PATH = "$(LOCAL_LIBRARY_DIR)/Frameworks";
				LD_RUNPATH_SEARCH_PATHS = (
					"$(inherited)",
					"@executable_path/Frameworks",
					"@loader_path/Frameworks",
				);
				MARKETING_VERSION = 1.0;
				PRODUCT_BUNDLE_IDENTIFIER = com.p.Tutorial;
				PRODUCT_NAME = "$(TARGET_NAME:c99extidentifier)";
				SKIP_INSTALL = YES;
				SWIFT_EMIT_LOC_STRINGS = YES;
				SWIFT_VERSION = 5.0;
				TARGETED_DEVICE_FAMILY = "1,2";
			};
			name = Testing;
		};
		42ED33CA2816F8EE003BA251 /* Testing */ = {
			isa = XCBuildConfiguration;
			baseConfigurationReference = 19B41916D2A35043B49871CF /* Pods-TutorialTests.testing.xcconfig */;
			buildSettings = {
				ALWAYS_EMBED_SWIFT_STANDARD_LIBRARIES = YES;
				CLANG_ENABLE_MODULES = YES;
				CODE_SIGN_STYLE = Automatic;
				CURRENT_PROJECT_VERSION = 1;
				DEVELOPMENT_TEAM = XZGYDU9AXB;
				GENERATE_INFOPLIST_FILE = YES;
				LD_RUNPATH_SEARCH_PATHS = (
					"$(inherited)",
					"@executable_path/Frameworks",
					"@loader_path/Frameworks",
				);
				MARKETING_VERSION = 1.0;
				PRODUCT_BUNDLE_IDENTIFIER = p.TutorialTests;
				PRODUCT_NAME = "$(TARGET_NAME)";
				SWIFT_EMIT_LOC_STRINGS = NO;
				SWIFT_OPTIMIZATION_LEVEL = "-Onone";
				SWIFT_VERSION = 5.0;
				TARGETED_DEVICE_FAMILY = "1,2";
			};
			name = Testing;
		};
		42ED33CB2816F8EE003BA251 /* Testing */ = {
			isa = XCBuildConfiguration;
			buildSettings = {
				ASSETCATALOG_COMPILER_APPICON_NAME = AppIcon;
				ASSETCATALOG_COMPILER_GLOBAL_ACCENT_COLOR_NAME = AccentColor;
				CODE_SIGN_STYLE = Automatic;
				CURRENT_PROJECT_VERSION = 1;
				DEVELOPMENT_TEAM = XZGYDU9AXB;
				GENERATE_INFOPLIST_FILE = YES;
				INFOPLIST_FILE = TutorialExample/Info.plist;
				INFOPLIST_KEY_UIApplicationSupportsIndirectInputEvents = YES;
				INFOPLIST_KEY_UILaunchStoryboardName = LaunchScreen;
				INFOPLIST_KEY_UIMainStoryboardFile = Main;
				INFOPLIST_KEY_UISupportedInterfaceOrientations_iPad = "UIInterfaceOrientationPortrait UIInterfaceOrientationPortraitUpsideDown UIInterfaceOrientationLandscapeLeft UIInterfaceOrientationLandscapeRight";
				INFOPLIST_KEY_UISupportedInterfaceOrientations_iPhone = "UIInterfaceOrientationPortrait UIInterfaceOrientationLandscapeLeft UIInterfaceOrientationLandscapeRight";
				IPHONEOS_DEPLOYMENT_TARGET = 15.0;
				LD_RUNPATH_SEARCH_PATHS = (
					"$(inherited)",
					"@executable_path/Frameworks",
				);
				MARKETING_VERSION = 1.0;
				PRODUCT_BUNDLE_IDENTIFIER = com.p.TutorialExample;
				PRODUCT_NAME = "$(TARGET_NAME)";
				SWIFT_EMIT_LOC_STRINGS = YES;
				SWIFT_VERSION = 5.0;
				TARGETED_DEVICE_FAMILY = "1,2";
			};
			name = Testing;
		};
/* End XCBuildConfiguration section */

/* Begin XCConfigurationList section */
		4208791E280EF9DE00940F3E /* Build configuration list for PBXProject "Tutorial" */ = {
			isa = XCConfigurationList;
			buildConfigurations = (
				42087936280EF9DF00940F3E /* Debug */,
				42ED33C82816F8EE003BA251 /* Testing */,
				42087937280EF9DF00940F3E /* Release */,
			);
			defaultConfigurationIsVisible = 0;
			defaultConfigurationName = Release;
		};
		42087938280EF9DF00940F3E /* Build configuration list for PBXNativeTarget "Tutorial" */ = {
			isa = XCConfigurationList;
			buildConfigurations = (
				42087939280EF9DF00940F3E /* Debug */,
				42ED33C92816F8EE003BA251 /* Testing */,
				4208793A280EF9DF00940F3E /* Release */,
			);
			defaultConfigurationIsVisible = 0;
			defaultConfigurationName = Release;
		};
		4208793B280EF9DF00940F3E /* Build configuration list for PBXNativeTarget "TutorialTests" */ = {
			isa = XCConfigurationList;
			buildConfigurations = (
				4208793C280EF9DF00940F3E /* Debug */,
				42ED33CA2816F8EE003BA251 /* Testing */,
				4208793D280EF9DF00940F3E /* Release */,
			);
			defaultConfigurationIsVisible = 0;
			defaultConfigurationName = Release;
		};
		420879AB280F13FF00940F3E /* Build configuration list for PBXNativeTarget "TutorialExample" */ = {
			isa = XCConfigurationList;
			buildConfigurations = (
				420879AC280F13FF00940F3E /* Debug */,
				42ED33CB2816F8EE003BA251 /* Testing */,
				420879AD280F13FF00940F3E /* Release */,
			);
			defaultConfigurationIsVisible = 0;
			defaultConfigurationName = Release;
		};
/* End XCConfigurationList section */
	};
	rootObject = 4208791B280EF9DE00940F3E /* Project object */;
}
